
Microsoft Visual Studio Solution File, Format Version 12.00
# Visual Studio 15
VisualStudioVersion = 15.0.27130.2024
MinimumVisualStudioVersion = 10.0.40219.1
Project("{FAE04EC0-301F-11D3-BF4B-00C04F79EFBC}") = "DateRangeWebApi", "DateRangeWebApi\DateRangeWebApi.csproj", "{7A96FB20-9805-447D-A154-85EB961358E6}"
EndProject
Global
	GlobalSection(SolutionConfigurationPlatforms) = preSolution
		Debug|Any CPU = Debug|Any CPU
		Release|Any CPU = Release|Any CPU
	EndGlobalSection
	GlobalSection(ProjectConfigurationPlatforms) = postSolution
		{7A96FB20-9805-447D-A154-85EB961358E6}.Debug|Any CPU.ActiveCfg = Debug|Any CPU
		{7A96FB20-9805-447D-A154-85EB961358E6}.Debug|Any CPU.Build.0 = Debug|Any CPU
		{7A96FB20-9805-447D-A154-85EB961358E6}.Release|Any CPU.ActiveCfg = Release|Any CPU
		{7A96FB20-9805-447D-A154-85EB961358E6}.Release|Any CPU.Build.0 = Release|Any CPU
	EndGlobalSection
	GlobalSection(SolutionProperties) = preSolution
		HideSolutionNode = FALSE
	EndGlobalSection
	GlobalSection(ExtensibilityGlobals) = postSolution
		SolutionGuid = {8ADF9E68-F73C-4602-99E6-6A11C710C48E}
	EndGlobalSection
EndGlobal
